
Microsoft Visual Studio Solution File, Format Version 12.00
# Visual Studio 2013
VisualStudioVersion = 12.0.21005.1
MinimumVisualStudioVersion = 10.0.40219.1
Project("{FAE04EC0-301F-11D3-BF4B-00C04F79EFBC}") = "Miniproject", "Miniproject\Miniproject.csproj", "{BD0600F5-E94B-4207-883E-C0A8E6AA0A6D}"
EndProject
Global
	GlobalSection(SolutionConfigurationPlatforms) = preSolution
		Debug|Any CPU = Debug|Any CPU
		Release|Any CPU = Release|Any CPU
	EndGlobalSection
	GlobalSection(ProjectConfigurationPlatforms) = postSolution
		{BD0600F5-E94B-4207-883E-C0A8E6AA0A6D}.Debug|Any CPU.ActiveCfg = Debug|Any CPU
		{BD0600F5-E94B-4207-883E-C0A8E6AA0A6D}.Debug|Any CPU.Build.0 = Debug|Any CPU
		{BD0600F5-E94B-4207-883E-C0A8E6AA0A6D}.Release|Any CPU.ActiveCfg = Release|Any CPU
		{BD0600F5-E94B-4207-883E-C0A8E6AA0A6D}.Release|Any CPU.Build.0 = Release|Any CPU
	EndGlobalSection
	GlobalSection(SolutionProperties) = preSolution
		HideSolutionNode = FALSE
	EndGlobalSection
EndGlobal
